// !$*UTF8*$!
{
	archiveVersion = 1;
	classes = {
	};
	objectVersion = 50;
	objects = {

/* Begin PBXBuildFile section */
		5E0A91C02360154A00ACF791 /* AppDelegate.swift in Sources */ = {isa = PBXBuildFile; fileRef = 5E0A91BF2360154A00ACF791 /* AppDelegate.swift */; };
		5E0A91C22360154A00ACF791 /* SceneDelegate.swift in Sources */ = {isa = PBXBuildFile; fileRef = 5E0A91C12360154A00ACF791 /* SceneDelegate.swift */; };
		5E0A91C42360154A00ACF791 /* ViewController.swift in Sources */ = {isa = PBXBuildFile; fileRef = 5E0A91C32360154A00ACF791 /* ViewController.swift */; };
		5E0A91C72360154A00ACF791 /* Main.storyboard in Resources */ = {isa = PBXBuildFile; fileRef = 5E0A91C52360154A00ACF791 /* Main.storyboard */; };
		5E0A91C92360154E00ACF791 /* Assets.xcassets in Resources */ = {isa = PBXBuildFile; fileRef = 5E0A91C82360154E00ACF791 /* Assets.xcassets */; };
		5E0A91CC2360154E00ACF791 /* LaunchScreen.storyboard in Resources */ = {isa = PBXBuildFile; fileRef = 5E0A91CA2360154E00ACF791 /* LaunchScreen.storyboard */; };
/* End PBXBuildFile section */

/* Begin PBXFileReference section */
		5E0A91BC2360154A00ACF791 /* SoptSecondAssignment.app */ = {isa = PBXFileReference; explicitFileType = wrapper.application; includeInIndex = 0; path = SoptSecondAssignment.app; sourceTree = BUILT_PRODUCTS_DIR; };
		5E0A91BF2360154A00ACF791 /* AppDelegate.swift */ = {isa = PBXFileReference; lastKnownFileType = sourcecode.swift; path = AppDelegate.swift; sourceTree = "<group>"; };
		5E0A91C12360154A00ACF791 /* SceneDelegate.swift */ = {isa = PBXFileReference; lastKnownFileType = sourcecode.swift; path = SceneDelegate.swift; sourceTree = "<group>"; };
		5E0A91C32360154A00ACF791 /* ViewController.swift */ = {isa = PBXFileReference; lastKnownFileType = sourcecode.swift; path = ViewController.swift; sourceTree = "<group>"; };
		5E0A91C62360154A00ACF791 /* Base */ = {isa = PBXFileReference; lastKnownFileType = file.storyboard; name = Base; path = Base.lproj/Main.storyboard; sourceTree = "<group>"; };
		5E0A91C82360154E00ACF791 /* Assets.xcassets */ = {isa = PBXFileReference; lastKnownFileType = folder.assetcatalog; path = Assets.xcassets; sourceTree = "<group>"; };
		5E0A91CB2360154E00ACF791 /* Base */ = {isa = PBXFileReference; lastKnownFileType = file.storyboard; name = Base; path = Base.lproj/LaunchScreen.storyboard; sourceTree = "<group>"; };
		5E0A91CD2360154E00ACF791 /* Info.plist */ = {isa = PBXFileReference; lastKnownFileType = text.plist.xml; path = Info.plist; sourceTree = "<group>"; };
/* End PBXFileReference section */

/* Begin PBXFrameworksBuildPhase section */
		5E0A91B92360154A00ACF791 /* Frameworks */ = {
			isa = PBXFrameworksBuildPhase;
			buildActionMask = 2147483647;
			files = (
			);
			runOnlyForDeploymentPostprocessing = 0;
		};
/* End PBXFrameworksBuildPhase section */

/* Begin PBXGroup section */
		5E0A91B32360154A00ACF791 = {
			isa = PBXGroup;
			children = (
				5E0A91BE2360154A00ACF791 /* SoptSecondAssignment */,
				5E0A91BD2360154A00ACF791 /* Products */,
			);
			sourceTree = "<group>";
		};
		5E0A91BD2360154A00ACF791 /* Products */ = {
			isa = PBXGroup;
			children = (
				5E0A91BC2360154A00ACF791 /* SoptSecondAssignment.app */,
			);
			name = Products;
			sourceTree = "<group>";
		};
		5E0A91BE2360154A00ACF791 /* SoptSecondAssignment */ = {
			isa = PBXGroup;
			children = (
				5E0A91D52360156900ACF791 /* Resources */,
				5E0A91D42360155D00ACF791 /* SupportingFiles */,
				5E0A91D32360155500ACF791 /* Sources */,
			);
			path = SoptSecondAssignment;
			sourceTree = "<group>";
		};
		5E0A91D32360155500ACF791 /* Sources */ = {
			isa = PBXGroup;
			children = (
				5E0A91D82360158700ACF791 /* Protocol */,
				5E0A91D72360157D00ACF791 /* ViewController */,
				5E0A91D62360157900ACF791 /* View */,
			);
			path = Sources;
			sourceTree = "<group>";
		};
		5E0A91D42360155D00ACF791 /* SupportingFiles */ = {
			isa = PBXGroup;
			children = (
				5E0A91BF2360154A00ACF791 /* AppDelegate.swift */,
				5E0A91C12360154A00ACF791 /* SceneDelegate.swift */,
				5E0A91CD2360154E00ACF791 /* Info.plist */,
			);
			path = SupportingFiles;
			sourceTree = "<group>";
		};
		5E0A91D52360156900ACF791 /* Resources */ = {
			isa = PBXGroup;
			children = (
				5E0A91C52360154A00ACF791 /* Main.storyboard */,
				5E0A91C82360154E00ACF791 /* Assets.xcassets */,
				5E0A91CA2360154E00ACF791 /* LaunchScreen.storyboard */,
			);
			path = Resources;
			sourceTree = "<group>";
		};
		5E0A91D62360157900ACF791 /* View */ = {
			isa = PBXGroup;
			children = (
				5E0A91C32360154A00ACF791 /* ViewController.swift */,
			);
			path = View;
			sourceTree = "<group>";
		};
		5E0A91D72360157D00ACF791 /* ViewController */ = {
			isa = PBXGroup;
			children = (
			);
			path = ViewController;
			sourceTree = "<group>";
		};
		5E0A91D82360158700ACF791 /* Protocol */ = {
			isa = PBXGroup;
			children = (
			);
			path = Protocol;
			sourceTree = "<group>";
		};
/* End PBXGroup section */

/* Begin PBXNativeTarget section */
		5E0A91BB2360154A00ACF791 /* SoptSecondAssignment */ = {
			isa = PBXNativeTarget;
			buildConfigurationList = 5E0A91D02360154E00ACF791 /* Build configuration list for PBXNativeTarget "SoptSecondAssignment" */;
			buildPhases = (
				5E0A91B82360154A00ACF791 /* Sources */,
				5E0A91B92360154A00ACF791 /* Frameworks */,
				5E0A91BA2360154A00ACF791 /* Resources */,
			);
			buildRules = (
			);
			dependencies = (
			);
			name = SoptSecondAssignment;
			productName = SoptSecondAssignment;
			productReference = 5E0A91BC2360154A00ACF791 /* SoptSecondAssignment.app */;
			productType = "com.apple.product-type.application";
		};
/* End PBXNativeTarget section */

/* Begin PBXProject section */
		5E0A91B42360154A00ACF791 /* Project object */ = {
			isa = PBXProject;
			attributes = {
				LastSwiftUpdateCheck = 1110;
				LastUpgradeCheck = 1110;
				ORGANIZATIONNAME = Junhyeon;
				TargetAttributes = {
					5E0A91BB2360154A00ACF791 = {
						CreatedOnToolsVersion = 11.1;
					};
				};
			};
			buildConfigurationList = 5E0A91B72360154A00ACF791 /* Build configuration list for PBXProject "SoptSecondAssignment" */;
			compatibilityVersion = "Xcode 9.3";
			developmentRegion = en;
			hasScannedForEncodings = 0;
			knownRegions = (
				en,
				Base,
			);
			mainGroup = 5E0A91B32360154A00ACF791;
			productRefGroup = 5E0A91BD2360154A00ACF791 /* Products */;
			projectDirPath = "";
			projectRoot = "";
			targets = (
				5E0A91BB2360154A00ACF791 /* SoptSecondAssignment */,
			);
		};
/* End PBXProject section */

/* Begin PBXResourcesBuildPhase section */
		5E0A91BA2360154A00ACF791 /* Resources */ = {
			isa = PBXResourcesBuildPhase;
			buildActionMask = 2147483647;
			files = (
				5E0A91CC2360154E00ACF791 /* LaunchScreen.storyboard in Resources */,
				5E0A91C92360154E00ACF791 /* Assets.xcassets in Resources */,
				5E0A91C72360154A00ACF791 /* Main.storyboard in Resources */,
			);
			runOnlyForDeploymentPostprocessing = 0;
		};
/* End PBXResourcesBuildPhase section */

/* Begin PBXSourcesBuildPhase section */
		5E0A91B82360154A00ACF791 /* Sources */ = {
			isa = PBXSourcesBuildPhase;
			buildActionMask = 2147483647;
			files = (
				5E0A91C42360154A00ACF791 /* ViewController.swift in Sources */,
				5E0A91C02360154A00ACF791 /* AppDelegate.swift in Sources */,
				5E0A91C22360154A00ACF791 /* SceneDelegate.swift in Sources */,
			);
			runOnlyForDeploymentPostprocessing = 0;
		};
/* End PBXSourcesBuildPhase section */

/* Begin PBXVariantGroup section */
		5E0A91C52360154A00ACF791 /* Main.storyboard */ = {
			isa = PBXVariantGroup;
			children = (
				5E0A91C62360154A00ACF791 /* Base */,
			);
			name = Main.storyboard;
			sourceTree = "<group>";
		};
		5E0A91CA2360154E00ACF791 /* LaunchScreen.storyboard */ = {
			isa = PBXVariantGroup;
			children = (
				5E0A91CB2360154E00ACF791 /* Base */,
			);
			name = LaunchScreen.storyboard;
			sourceTree = "<group>";
		};
/* End PBXVariantGroup section */

/* Begin XCBuildConfiguration section */
		5E0A91CE2360154E00ACF791 /* Debug */ = {
			isa = XCBuildConfiguration;
			buildSettings = {
				ALWAYS_SEARCH_USER_PATHS = NO;
				CLANG_ANALYZER_NONNULL = YES;
				CLANG_ANALYZER_NUMBER_OBJECT_CONVERSION = YES_AGGRESSIVE;
				CLANG_CXX_LANGUAGE_STANDARD = "gnu++14";
				CLANG_CXX_LIBRARY = "libc++";
				CLANG_ENABLE_MODULES = YES;
				CLANG_ENABLE_OBJC_ARC = YES;
				CLANG_ENABLE_OBJC_WEAK = YES;
				CLANG_WARN_BLOCK_CAPTURE_AUTORELEASING = YES;
				CLANG_WARN_BOOL_CONVERSION = YES;
				CLANG_WARN_COMMA = YES;
				CLANG_WARN_CONSTANT_CONVERSION = YES;
				CLANG_WARN_DEPRECATED_OBJC_IMPLEMENTATIONS = YES;
				CLANG_WARN_DIRECT_OBJC_ISA_USAGE = YES_ERROR;
				CLANG_WARN_DOCUMENTATION_COMMENTS = YES;
				CLANG_WARN_EMPTY_BODY = YES;
				CLANG_WARN_ENUM_CONVERSION = YES;
				CLANG_WARN_INFINITE_RECURSION = YES;
				CLANG_WARN_INT_CONVERSION = YES;
				CLANG_WARN_NON_LITERAL_NULL_CONVERSION = YES;
				CLANG_WARN_OBJC_IMPLICIT_RETAIN_SELF = YES;
				CLANG_WARN_OBJC_LITERAL_CONVERSION = YES;
				CLANG_WARN_OBJC_ROOT_CLASS = YES_ERROR;
				CLANG_WARN_RANGE_LOOP_ANALYSIS = YES;
				CLANG_WARN_STRICT_PROTOTYPES = YES;
				CLANG_WARN_SUSPICIOUS_MOVE = YES;
				CLANG_WARN_UNGUARDED_AVAILABILITY = YES_AGGRESSIVE;
				CLANG_WARN_UNREACHABLE_CODE = YES;
				CLANG_WARN__DUPLICATE_METHOD_MATCH = YES;
				COPY_PHASE_STRIP = NO;
				DEBUG_INFORMATION_FORMAT = dwarf;
				ENABLE_STRICT_OBJC_MSGSEND = YES;
				ENABLE_TESTABILITY = YES;
				GCC_C_LANGUAGE_STANDARD = gnu11;
				GCC_DYNAMIC_NO_PIC = NO;
				GCC_NO_COMMON_BLOCKS = YES;
				GCC_OPTIMIZATION_LEVEL = 0;
				GCC_PREPROCESSOR_DEFINITIONS = (
					"DEBUG=1",
					"$(inherited)",
				);
				GCC_WARN_64_TO_32_BIT_CONVERSION = YES;
				GCC_WARN_ABOUT_RETURN_TYPE = YES_ERROR;
				GCC_WARN_UNDECLARED_SELECTOR = YES;
				GCC_WARN_UNINITIALIZED_AUTOS = YES_AGGRESSIVE;
				GCC_WARN_UNUSED_FUNCTION = YES;
				GCC_WARN_UNUSED_VARIABLE = YES;
				IPHONEOS_DEPLOYMENT_TARGET = 13.1;
				MTL_ENABLE_DEBUG_INFO = INCLUDE_SOURCE;
				MTL_FAST_MATH = YES;
				ONLY_ACTIVE_ARCH = YES;
				SDKROOT = iphoneos;
				SWIFT_ACTIVE_COMPILATION_CONDITIONS = DEBUG;
				SWIFT_OPTIMIZATION_LEVEL = "-Onone";
			};
			name = Debug;
		};
		5E0A91CF2360154E00ACF791 /* Release */ = {
			isa = XCBuildConfiguration;
			buildSettings = {
				ALWAYS_SEARCH_USER_PATHS = NO;
				CLANG_ANALYZER_NONNULL = YES;
				CLANG_ANALYZER_NUMBER_OBJECT_CONVERSION = YES_AGGRESSIVE;
				CLANG_CXX_LANGUAGE_STANDARD = "gnu++14";
				CLANG_CXX_LIBRARY = "libc++";
				CLANG_ENABLE_MODULES = YES;
				CLANG_ENABLE_OBJC_ARC = YES;
				CLANG_ENABLE_OBJC_WEAK = YES;
				CLANG_WARN_BLOCK_CAPTURE_AUTORELEASING = YES;
				CLANG_WARN_BOOL_CONVERSION = YES;
				CLANG_WARN_COMMA = YES;
				CLANG_WARN_CONSTANT_CONVERSION = YES;
				CLANG_WARN_DEPRECATED_OBJC_IMPLEMENTATIONS = YES;
				CLANG_WARN_DIRECT_OBJC_ISA_USAGE = YES_ERROR;
				CLANG_WARN_DOCUMENTATION_COMMENTS = YES;
				CLANG_WARN_EMPTY_BODY = YES;
				CLANG_WARN_ENUM_CONVERSION = YES;
				CLANG_WARN_INFINITE_RECURSION = YES;
				CLANG_WARN_INT_CONVERSION = YES;
				CLANG_WARN_NON_LITERAL_NULL_CONVERSION = YES;
				CLANG_WARN_OBJC_IMPLICIT_RETAIN_SELF = YES;
				CLANG_WARN_OBJC_LITERAL_CONVERSION = YES;
				CLANG_WARN_OBJC_ROOT_CLASS = YES_ERROR;
				CLANG_WARN_RANGE_LOOP_ANALYSIS = YES;
				CLANG_WARN_STRICT_PROTOTYPES = YES;
				CLANG_WARN_SUSPICIOUS_MOVE = YES;
				CLANG_WARN_UNGUARDED_AVAILABILITY = YES_AGGRESSIVE;
				CLANG_WARN_UNREACHABLE_CODE = YES;
				CLANG_WARN__DUPLICATE_METHOD_MATCH = YES;
				COPY_PHASE_STRIP = NO;
				DEBUG_INFORMATION_FORMAT = "dwarf-with-dsym";
				ENABLE_NS_ASSERTIONS = NO;
				ENABLE_STRICT_OBJC_MSGSEND = YES;
				GCC_C_LANGUAGE_STANDARD = gnu11;
				GCC_NO_COMMON_BLOCKS = YES;
				GCC_WARN_64_TO_32_BIT_CONVERSION = YES;
				GCC_WARN_ABOUT_RETURN_TYPE = YES_ERROR;
				GCC_WARN_UNDECLARED_SELECTOR = YES;
				GCC_WARN_UNINITIALIZED_AUTOS = YES_AGGRESSIVE;
				GCC_WARN_UNUSED_FUNCTION = YES;
				GCC_WARN_UNUSED_VARIABLE = YES;
				IPHONEOS_DEPLOYMENT_TARGET = 13.1;
				MTL_ENABLE_DEBUG_INFO = NO;
				MTL_FAST_MATH = YES;
				SDKROOT = iphoneos;
				SWIFT_COMPILATION_MODE = wholemodule;
				SWIFT_OPTIMIZATION_LEVEL = "-O";
				VALIDATE_PRODUCT = YES;
			};
			name = Release;
		};
		5E0A91D12360154E00ACF791 /* Debug */ = {
			isa = XCBuildConfiguration;
			buildSettings = {
				ASSETCATALOG_COMPILER_APPICON_NAME = AppIcon;
				CODE_SIGN_STYLE = Automatic;
				DEVELOPMENT_TEAM = 78A867AHKF;
				INFOPLIST_FILE = SoptSecondAssignment/SupportingFiles/Info.plist;
				LD_RUNPATH_SEARCH_PATHS = (
					"$(inherited)",
					"@executable_path/Frameworks",
				);
				PRODUCT_BUNDLE_IDENTIFIER = "-anniversary.tistory.com.SoptSecondAssignment";
				PRODUCT_NAME = "$(TARGET_NAME)";
				SWIFT_VERSION = 5.0;
				TARGETED_DEVICE_FAMILY = 1;
			};
			name = Debug;
		};
		5E0A91D22360154E00ACF791 /* Release */ = {
			isa = XCBuildConfiguration;
			buildSettings = {
				ASSETCATALOG_COMPILER_APPICON_NAME = AppIcon;
				CODE_SIGN_STYLE = Automatic;
				DEVELOPMENT_TEAM = 78A867AHKF;
				INFOPLIST_FILE = SoptSecondAssignment/SupportingFiles/Info.plist;
				LD_RUNPATH_SEARCH_PATHS = (
					"$(inherited)",
					"@executable_path/Frameworks",
				);
				PRODUCT_BUNDLE_IDENTIFIER = "-anniversary.tistory.com.SoptSecondAssignment";
				PRODUCT_NAME = "$(TARGET_NAME)";
				SWIFT_VERSION = 5.0;
				TARGETED_DEVICE_FAMILY = 1;
			};
			name = Release;
		};
/* End XCBuildConfiguration section */

/* Begin XCConfigurationList section */
		5E0A91B72360154A00ACF791 /* Build configuration list for PBXProject "SoptSecondAssignment" */ = {
			isa = XCConfigurationList;
			buildConfigurations = (
				5E0A91CE2360154E00ACF791 /* Debug */,
				5E0A91CF2360154E00ACF791 /* Release */,
			);
			defaultConfigurationIsVisible = 0;
			defaultConfigurationName = Release;
		};
		5E0A91D02360154E00ACF791 /* Build configuration list for PBXNativeTarget "SoptSecondAssignment" */ = {
			isa = XCConfigurationList;
			buildConfigurations = (
				5E0A91D12360154E00ACF791 /* Debug */,
				5E0A91D22360154E00ACF791 /* Release */,
			);
			defaultConfigurationIsVisible = 0;
			defaultConfigurationName = Release;
		};
/* End XCConfigurationList section */
	};
	rootObject = 5E0A91B42360154A00ACF791 /* Project object */;
}
